
Microsoft Visual Studio Solution File, Format Version 12.00
# Visual Studio Version 16
VisualStudioVersion = 16.0.30204.135
MinimumVisualStudioVersion = 10.0.40219.1
Project("{FAE04EC0-301F-11D3-BF4B-00C04F79EFBC}") = "Newtonsoft.Json.Query", "Newtonsoft.Json.Query\Newtonsoft.Json.Query.csproj", "{28647AB8-589A-4108-8CE0-174E9C9D44E5}"
EndProject
Project("{FAE04EC0-301F-11D3-BF4B-00C04F79EFBC}") = "Newtonsoft.Json.Query.Tests", "Newtonsoft.Json.Query.Tests\Newtonsoft.Json.Query.Tests.csproj", "{89BDAD1A-2319-47F5-88A9-BBD0E70C8E5C}"
EndProject
Global
	GlobalSection(SolutionConfigurationPlatforms) = preSolution
		Debug|Any CPU = Debug|Any CPU
		Release|Any CPU = Release|Any CPU
	EndGlobalSection
	GlobalSection(ProjectConfigurationPlatforms) = postSolution
		{28647AB8-589A-4108-8CE0-174E9C9D44E5}.Debug|Any CPU.ActiveCfg = Debug|Any CPU
		{28647AB8-589A-4108-8CE0-174E9C9D44E5}.Debug|Any CPU.Build.0 = Debug|Any CPU
		{28647AB8-589A-4108-8CE0-174E9C9D44E5}.Release|Any CPU.ActiveCfg = Release|Any CPU
		{28647AB8-589A-4108-8CE0-174E9C9D44E5}.Release|Any CPU.Build.0 = Release|Any CPU
		{89BDAD1A-2319-47F5-88A9-BBD0E70C8E5C}.Debug|Any CPU.ActiveCfg = Debug|Any CPU
		{89BDAD1A-2319-47F5-88A9-BBD0E70C8E5C}.Debug|Any CPU.Build.0 = Debug|Any CPU
		{89BDAD1A-2319-47F5-88A9-BBD0E70C8E5C}.Release|Any CPU.ActiveCfg = Release|Any CPU
		{89BDAD1A-2319-47F5-88A9-BBD0E70C8E5C}.Release|Any CPU.Build.0 = Release|Any CPU
	EndGlobalSection
	GlobalSection(SolutionProperties) = preSolution
		HideSolutionNode = FALSE
	EndGlobalSection
	GlobalSection(ExtensibilityGlobals) = postSolution
		SolutionGuid = {068097B1-8D04-42A3-9328-1F3BF29E9592}
	EndGlobalSection
EndGlobal
